// !$*UTF8*$!
{
	archiveVersion = 1;
	classes = {
	};
	objectVersion = 50;
	objects = {

/* Begin PBXBuildFile section */
		2844892F25CCE0AD00B96746 /* AppDelegate.swift in Sources */ = {isa = PBXBuildFile; fileRef = 2844892E25CCE0AD00B96746 /* AppDelegate.swift */; };
		2844893125CCE0AD00B96746 /* SceneDelegate.swift in Sources */ = {isa = PBXBuildFile; fileRef = 2844893025CCE0AD00B96746 /* SceneDelegate.swift */; };
		2844893325CCE0AD00B96746 /* ViewController.swift in Sources */ = {isa = PBXBuildFile; fileRef = 2844893225CCE0AD00B96746 /* ViewController.swift */; };
		2844893625CCE0AD00B96746 /* Main.storyboard in Resources */ = {isa = PBXBuildFile; fileRef = 2844893425CCE0AD00B96746 /* Main.storyboard */; };
		2844893825CCE0B300B96746 /* Assets.xcassets in Resources */ = {isa = PBXBuildFile; fileRef = 2844893725CCE0B300B96746 /* Assets.xcassets */; };
		2844893B25CCE0B300B96746 /* LaunchScreen.storyboard in Resources */ = {isa = PBXBuildFile; fileRef = 2844893925CCE0B300B96746 /* LaunchScreen.storyboard */; };
		2844894F25CCE33F00B96746 /* w5.jpg in Resources */ = {isa = PBXBuildFile; fileRef = 2844894525CCE33E00B96746 /* w5.jpg */; };
		2844895025CCE33F00B96746 /* w10.jpg in Resources */ = {isa = PBXBuildFile; fileRef = 2844894625CCE33E00B96746 /* w10.jpg */; };
		2844895125CCE33F00B96746 /* w2.jpg in Resources */ = {isa = PBXBuildFile; fileRef = 2844894725CCE33E00B96746 /* w2.jpg */; };
		2844895225CCE33F00B96746 /* w7.jpg in Resources */ = {isa = PBXBuildFile; fileRef = 2844894825CCE33E00B96746 /* w7.jpg */; };
		2844895325CCE33F00B96746 /* w8.jpg in Resources */ = {isa = PBXBuildFile; fileRef = 2844894925CCE33E00B96746 /* w8.jpg */; };
		2844895425CCE33F00B96746 /* w9.jpg in Resources */ = {isa = PBXBuildFile; fileRef = 2844894A25CCE33E00B96746 /* w9.jpg */; };
		2844895525CCE33F00B96746 /* w6.jpg in Resources */ = {isa = PBXBuildFile; fileRef = 2844894B25CCE33E00B96746 /* w6.jpg */; };
		2844895625CCE33F00B96746 /* w1.jpg in Resources */ = {isa = PBXBuildFile; fileRef = 2844894C25CCE33E00B96746 /* w1.jpg */; };
		2844895725CCE33F00B96746 /* w3.jpg in Resources */ = {isa = PBXBuildFile; fileRef = 2844894D25CCE33E00B96746 /* w3.jpg */; };
		2844895825CCE33F00B96746 /* w4.jpg in Resources */ = {isa = PBXBuildFile; fileRef = 2844894E25CCE33E00B96746 /* w4.jpg */; };
		2844897D25CCECFC00B96746 /* ReadMe in Resources */ = {isa = PBXBuildFile; fileRef = 2844897C25CCECFC00B96746 /* ReadMe */; };
/* End PBXBuildFile section */

/* Begin PBXFileReference section */
		2844892B25CCE0AD00B96746 /* PickerView.app */ = {isa = PBXFileReference; explicitFileType = wrapper.application; includeInIndex = 0; path = PickerView.app; sourceTree = BUILT_PRODUCTS_DIR; };
		2844892E25CCE0AD00B96746 /* AppDelegate.swift */ = {isa = PBXFileReference; lastKnownFileType = sourcecode.swift; path = AppDelegate.swift; sourceTree = "<group>"; };
		2844893025CCE0AD00B96746 /* SceneDelegate.swift */ = {isa = PBXFileReference; lastKnownFileType = sourcecode.swift; path = SceneDelegate.swift; sourceTree = "<group>"; };
		2844893225CCE0AD00B96746 /* ViewController.swift */ = {isa = PBXFileReference; lastKnownFileType = sourcecode.swift; path = ViewController.swift; sourceTree = "<group>"; };
		2844893525CCE0AD00B96746 /* Base */ = {isa = PBXFileReference; lastKnownFileType = file.storyboard; name = Base; path = Base.lproj/Main.storyboard; sourceTree = "<group>"; };
		2844893725CCE0B300B96746 /* Assets.xcassets */ = {isa = PBXFileReference; lastKnownFileType = folder.assetcatalog; path = Assets.xcassets; sourceTree = "<group>"; };
		2844893A25CCE0B300B96746 /* Base */ = {isa = PBXFileReference; lastKnownFileType = file.storyboard; name = Base; path = Base.lproj/LaunchScreen.storyboard; sourceTree = "<group>"; };
		2844893C25CCE0B300B96746 /* Info.plist */ = {isa = PBXFileReference; lastKnownFileType = text.plist.xml; path = Info.plist; sourceTree = "<group>"; };
		2844894525CCE33E00B96746 /* w5.jpg */ = {isa = PBXFileReference; lastKnownFileType = image.jpeg; path = w5.jpg; sourceTree = "<group>"; };
		2844894625CCE33E00B96746 /* w10.jpg */ = {isa = PBXFileReference; lastKnownFileType = image.jpeg; path = w10.jpg; sourceTree = "<group>"; };
		2844894725CCE33E00B96746 /* w2.jpg */ = {isa = PBXFileReference; lastKnownFileType = image.jpeg; path = w2.jpg; sourceTree = "<group>"; };
		2844894825CCE33E00B96746 /* w7.jpg */ = {isa = PBXFileReference; lastKnownFileType = image.jpeg; path = w7.jpg; sourceTree = "<group>"; };
		2844894925CCE33E00B96746 /* w8.jpg */ = {isa = PBXFileReference; lastKnownFileType = image.jpeg; path = w8.jpg; sourceTree = "<group>"; };
		2844894A25CCE33E00B96746 /* w9.jpg */ = {isa = PBXFileReference; lastKnownFileType = image.jpeg; path = w9.jpg; sourceTree = "<group>"; };
		2844894B25CCE33E00B96746 /* w6.jpg */ = {isa = PBXFileReference; lastKnownFileType = image.jpeg; path = w6.jpg; sourceTree = "<group>"; };
		2844894C25CCE33E00B96746 /* w1.jpg */ = {isa = PBXFileReference; lastKnownFileType = image.jpeg; path = w1.jpg; sourceTree = "<group>"; };
		2844894D25CCE33E00B96746 /* w3.jpg */ = {isa = PBXFileReference; lastKnownFileType = image.jpeg; path = w3.jpg; sourceTree = "<group>"; };
		2844894E25CCE33E00B96746 /* w4.jpg */ = {isa = PBXFileReference; lastKnownFileType = image.jpeg; path = w4.jpg; sourceTree = "<group>"; };
		2844897C25CCECFC00B96746 /* ReadMe */ = {isa = PBXFileReference; lastKnownFileType = text; name = ReadMe; path = ../../../../../Desktop/ReadMe; sourceTree = "<group>"; };
/* End PBXFileReference section */

/* Begin PBXFrameworksBuildPhase section */
		2844892825CCE0AD00B96746 /* Frameworks */ = {
			isa = PBXFrameworksBuildPhase;
			buildActionMask = 2147483647;
			files = (
			);
			runOnlyForDeploymentPostprocessing = 0;
		};
/* End PBXFrameworksBuildPhase section */

/* Begin PBXGroup section */
		2844892225CCE0AD00B96746 = {
			isa = PBXGroup;
			children = (
				2844892D25CCE0AD00B96746 /* PickerView */,
				2844892C25CCE0AD00B96746 /* Products */,
			);
			sourceTree = "<group>";
		};
		2844892C25CCE0AD00B96746 /* Products */ = {
			isa = PBXGroup;
			children = (
				2844892B25CCE0AD00B96746 /* PickerView.app */,
			);
			name = Products;
			sourceTree = "<group>";
		};
		2844892D25CCE0AD00B96746 /* PickerView */ = {
			isa = PBXGroup;
			children = (
				2844894425CCE32300B96746 /* Images */,
				2844892E25CCE0AD00B96746 /* AppDelegate.swift */,
				2844893025CCE0AD00B96746 /* SceneDelegate.swift */,
				2844893225CCE0AD00B96746 /* ViewController.swift */,
				2844893425CCE0AD00B96746 /* Main.storyboard */,
				2844893725CCE0B300B96746 /* Assets.xcassets */,
				2844893925CCE0B300B96746 /* LaunchScreen.storyboard */,
				2844893C25CCE0B300B96746 /* Info.plist */,
				2844897C25CCECFC00B96746 /* ReadMe */,
			);
			path = PickerView;
			sourceTree = "<group>";
		};
		2844894425CCE32300B96746 /* Images */ = {
			isa = PBXGroup;
			children = (
				2844894C25CCE33E00B96746 /* w1.jpg */,
				2844894725CCE33E00B96746 /* w2.jpg */,
				2844894D25CCE33E00B96746 /* w3.jpg */,
				2844894E25CCE33E00B96746 /* w4.jpg */,
				2844894525CCE33E00B96746 /* w5.jpg */,
				2844894B25CCE33E00B96746 /* w6.jpg */,
				2844894825CCE33E00B96746 /* w7.jpg */,
				2844894925CCE33E00B96746 /* w8.jpg */,
				2844894A25CCE33E00B96746 /* w9.jpg */,
				2844894625CCE33E00B96746 /* w10.jpg */,
			);
			path = Images;
			sourceTree = "<group>";
		};
/* End PBXGroup section */

/* Begin PBXNativeTarget section */
		2844892A25CCE0AD00B96746 /* PickerView */ = {
			isa = PBXNativeTarget;
			buildConfigurationList = 2844893F25CCE0B300B96746 /* Build configuration list for PBXNativeTarget "PickerView" */;
			buildPhases = (
				2844892725CCE0AD00B96746 /* Sources */,
				2844892825CCE0AD00B96746 /* Frameworks */,
				2844892925CCE0AD00B96746 /* Resources */,
			);
			buildRules = (
			);
			dependencies = (
			);
			name = PickerView;
			productName = PickerView;
			productReference = 2844892B25CCE0AD00B96746 /* PickerView.app */;
			productType = "com.apple.product-type.application";
		};
/* End PBXNativeTarget section */

/* Begin PBXProject section */
		2844892325CCE0AD00B96746 /* Project object */ = {
			isa = PBXProject;
			attributes = {
				LastSwiftUpdateCheck = 1240;
				LastUpgradeCheck = 1240;
				TargetAttributes = {
					2844892A25CCE0AD00B96746 = {
						CreatedOnToolsVersion = 12.4;
					};
				};
			};
			buildConfigurationList = 2844892625CCE0AD00B96746 /* Build configuration list for PBXProject "PickerView" */;
			compatibilityVersion = "Xcode 9.3";
			developmentRegion = en;
			hasScannedForEncodings = 0;
			knownRegions = (
				en,
				Base,
			);
			mainGroup = 2844892225CCE0AD00B96746;
			productRefGroup = 2844892C25CCE0AD00B96746 /* Products */;
			projectDirPath = "";
			projectRoot = "";
			targets = (
				2844892A25CCE0AD00B96746 /* PickerView */,
			);
		};
/* End PBXProject section */

/* Begin PBXResourcesBuildPhase section */
		2844892925CCE0AD00B96746 /* Resources */ = {
			isa = PBXResourcesBuildPhase;
			buildActionMask = 2147483647;
			files = (
				2844895825CCE33F00B96746 /* w4.jpg in Resources */,
				2844895525CCE33F00B96746 /* w6.jpg in Resources */,
				2844895125CCE33F00B96746 /* w2.jpg in Resources */,
				2844895225CCE33F00B96746 /* w7.jpg in Resources */,
				2844893B25CCE0B300B96746 /* LaunchScreen.storyboard in Resources */,
				2844894F25CCE33F00B96746 /* w5.jpg in Resources */,
				2844895325CCE33F00B96746 /* w8.jpg in Resources */,
				2844895425CCE33F00B96746 /* w9.jpg in Resources */,
				2844895625CCE33F00B96746 /* w1.jpg in Resources */,
				2844893825CCE0B300B96746 /* Assets.xcassets in Resources */,
				2844893625CCE0AD00B96746 /* Main.storyboard in Resources */,
				2844895025CCE33F00B96746 /* w10.jpg in Resources */,
				2844897D25CCECFC00B96746 /* ReadMe in Resources */,
				2844895725CCE33F00B96746 /* w3.jpg in Resources */,
			);
			runOnlyForDeploymentPostprocessing = 0;
		};
/* End PBXResourcesBuildPhase section */

/* Begin PBXSourcesBuildPhase section */
		2844892725CCE0AD00B96746 /* Sources */ = {
			isa = PBXSourcesBuildPhase;
			buildActionMask = 2147483647;
			files = (
				2844893325CCE0AD00B96746 /* ViewController.swift in Sources */,
				2844892F25CCE0AD00B96746 /* AppDelegate.swift in Sources */,
				2844893125CCE0AD00B96746 /* SceneDelegate.swift in Sources */,
			);
			runOnlyForDeploymentPostprocessing = 0;
		};
/* End PBXSourcesBuildPhase section */

/* Begin PBXVariantGroup section */
		2844893425CCE0AD00B96746 /* Main.storyboard */ = {
			isa = PBXVariantGroup;
			children = (
				2844893525CCE0AD00B96746 /* Base */,
			);
			name = Main.storyboard;
			sourceTree = "<group>";
		};
		2844893925CCE0B300B96746 /* LaunchScreen.storyboard */ = {
			isa = PBXVariantGroup;
			children = (
				2844893A25CCE0B300B96746 /* Base */,
			);
			name = LaunchScreen.storyboard;
			sourceTree = "<group>";
		};
/* End PBXVariantGroup section */

/* Begin XCBuildConfiguration section */
		2844893D25CCE0B300B96746 /* Debug */ = {
			isa = XCBuildConfiguration;
			buildSettings = {
				ALWAYS_SEARCH_USER_PATHS = NO;
				CLANG_ANALYZER_NONNULL = YES;
				CLANG_ANALYZER_NUMBER_OBJECT_CONVERSION = YES_AGGRESSIVE;
				CLANG_CXX_LANGUAGE_STANDARD = "gnu++14";
				CLANG_CXX_LIBRARY = "libc++";
				CLANG_ENABLE_MODULES = YES;
				CLANG_ENABLE_OBJC_ARC = YES;
				CLANG_ENABLE_OBJC_WEAK = YES;
				CLANG_WARN_BLOCK_CAPTURE_AUTORELEASING = YES;
				CLANG_WARN_BOOL_CONVERSION = YES;
				CLANG_WARN_COMMA = YES;
				CLANG_WARN_CONSTANT_CONVERSION = YES;
				CLANG_WARN_DEPRECATED_OBJC_IMPLEMENTATIONS = YES;
				CLANG_WARN_DIRECT_OBJC_ISA_USAGE = YES_ERROR;
				CLANG_WARN_DOCUMENTATION_COMMENTS = YES;
				CLANG_WARN_EMPTY_BODY = YES;
				CLANG_WARN_ENUM_CONVERSION = YES;
				CLANG_WARN_INFINITE_RECURSION = YES;
				CLANG_WARN_INT_CONVERSION = YES;
				CLANG_WARN_NON_LITERAL_NULL_CONVERSION = YES;
				CLANG_WARN_OBJC_IMPLICIT_RETAIN_SELF = YES;
				CLANG_WARN_OBJC_LITERAL_CONVERSION = YES;
				CLANG_WARN_OBJC_ROOT_CLASS = YES_ERROR;
				CLANG_WARN_QUOTED_INCLUDE_IN_FRAMEWORK_HEADER = YES;
				CLANG_WARN_RANGE_LOOP_ANALYSIS = YES;
				CLANG_WARN_STRICT_PROTOTYPES = YES;
				CLANG_WARN_SUSPICIOUS_MOVE = YES;
				CLANG_WARN_UNGUARDED_AVAILABILITY = YES_AGGRESSIVE;
				CLANG_WARN_UNREACHABLE_CODE = YES;
				CLANG_WARN__DUPLICATE_METHOD_MATCH = YES;
				COPY_PHASE_STRIP = NO;
				DEBUG_INFORMATION_FORMAT = dwarf;
				ENABLE_STRICT_OBJC_MSGSEND = YES;
				ENABLE_TESTABILITY = YES;
				GCC_C_LANGUAGE_STANDARD = gnu11;
				GCC_DYNAMIC_NO_PIC = NO;
				GCC_NO_COMMON_BLOCKS = YES;
				GCC_OPTIMIZATION_LEVEL = 0;
				GCC_PREPROCESSOR_DEFINITIONS = (
					"DEBUG=1",
					"$(inherited)",
				);
				GCC_WARN_64_TO_32_BIT_CONVERSION = YES;
				GCC_WARN_ABOUT_RETURN_TYPE = YES_ERROR;
				GCC_WARN_UNDECLARED_SELECTOR = YES;
				GCC_WARN_UNINITIALIZED_AUTOS = YES_AGGRESSIVE;
				GCC_WARN_UNUSED_FUNCTION = YES;
				GCC_WARN_UNUSED_VARIABLE = YES;
				IPHONEOS_DEPLOYMENT_TARGET = 14.4;
				MTL_ENABLE_DEBUG_INFO = INCLUDE_SOURCE;
				MTL_FAST_MATH = YES;
				ONLY_ACTIVE_ARCH = YES;
				SDKROOT = iphoneos;
				SWIFT_ACTIVE_COMPILATION_CONDITIONS = DEBUG;
				SWIFT_OPTIMIZATION_LEVEL = "-Onone";
			};
			name = Debug;
		};
		2844893E25CCE0B300B96746 /* Release */ = {
			isa = XCBuildConfiguration;
			buildSettings = {
				ALWAYS_SEARCH_USER_PATHS = NO;
				CLANG_ANALYZER_NONNULL = YES;
				CLANG_ANALYZER_NUMBER_OBJECT_CONVERSION = YES_AGGRESSIVE;
				CLANG_CXX_LANGUAGE_STANDARD = "gnu++14";
				CLANG_CXX_LIBRARY = "libc++";
				CLANG_ENABLE_MODULES = YES;
				CLANG_ENABLE_OBJC_ARC = YES;
				CLANG_ENABLE_OBJC_WEAK = YES;
				CLANG_WARN_BLOCK_CAPTURE_AUTORELEASING = YES;
				CLANG_WARN_BOOL_CONVERSION = YES;
				CLANG_WARN_COMMA = YES;
				CLANG_WARN_CONSTANT_CONVERSION = YES;
				CLANG_WARN_DEPRECATED_OBJC_IMPLEMENTATIONS = YES;
				CLANG_WARN_DIRECT_OBJC_ISA_USAGE = YES_ERROR;
				CLANG_WARN_DOCUMENTATION_COMMENTS = YES;
				CLANG_WARN_EMPTY_BODY = YES;
				CLANG_WARN_ENUM_CONVERSION = YES;
				CLANG_WARN_INFINITE_RECURSION = YES;
				CLANG_WARN_INT_CONVERSION = YES;
				CLANG_WARN_NON_LITERAL_NULL_CONVERSION = YES;
				CLANG_WARN_OBJC_IMPLICIT_RETAIN_SELF = YES;
				CLANG_WARN_OBJC_LITERAL_CONVERSION = YES;
				CLANG_WARN_OBJC_ROOT_CLASS = YES_ERROR;
				CLANG_WARN_QUOTED_INCLUDE_IN_FRAMEWORK_HEADER = YES;
				CLANG_WARN_RANGE_LOOP_ANALYSIS = YES;
				CLANG_WARN_STRICT_PROTOTYPES = YES;
				CLANG_WARN_SUSPICIOUS_MOVE = YES;
				CLANG_WARN_UNGUARDED_AVAILABILITY = YES_AGGRESSIVE;
				CLANG_WARN_UNREACHABLE_CODE = YES;
				CLANG_WARN__DUPLICATE_METHOD_MATCH = YES;
				COPY_PHASE_STRIP = NO;
				DEBUG_INFORMATION_FORMAT = "dwarf-with-dsym";
				ENABLE_NS_ASSERTIONS = NO;
				ENABLE_STRICT_OBJC_MSGSEND = YES;
				GCC_C_LANGUAGE_STANDARD = gnu11;
				GCC_NO_COMMON_BLOCKS = YES;
				GCC_WARN_64_TO_32_BIT_CONVERSION = YES;
				GCC_WARN_ABOUT_RETURN_TYPE = YES_ERROR;
				GCC_WARN_UNDECLARED_SELECTOR = YES;
				GCC_WARN_UNINITIALIZED_AUTOS = YES_AGGRESSIVE;
				GCC_WARN_UNUSED_FUNCTION = YES;
				GCC_WARN_UNUSED_VARIABLE = YES;
				IPHONEOS_DEPLOYMENT_TARGET = 14.4;
				MTL_ENABLE_DEBUG_INFO = NO;
				MTL_FAST_MATH = YES;
				SDKROOT = iphoneos;
				SWIFT_COMPILATION_MODE = wholemodule;
				SWIFT_OPTIMIZATION_LEVEL = "-O";
				VALIDATE_PRODUCT = YES;
			};
			name = Release;
		};
		2844894025CCE0B300B96746 /* Debug */ = {
			isa = XCBuildConfiguration;
			buildSettings = {
				ASSETCATALOG_COMPILER_APPICON_NAME = AppIcon;
				ASSETCATALOG_COMPILER_GLOBAL_ACCENT_COLOR_NAME = AccentColor;
				CODE_SIGN_STYLE = Automatic;
				DEVELOPMENT_TEAM = 3767ZWFMQQ;
				INFOPLIST_FILE = PickerView/Info.plist;
				IPHONEOS_DEPLOYMENT_TARGET = 14.3;
				LD_RUNPATH_SEARCH_PATHS = (
					"$(inherited)",
					"@executable_path/Frameworks",
				);
				PRODUCT_BUNDLE_IDENTIFIER = com.swiftlec.PickerView;
				PRODUCT_NAME = "$(TARGET_NAME)";
				SWIFT_VERSION = 5.0;
				TARGETED_DEVICE_FAMILY = 1;
			};
			name = Debug;
		};
		2844894125CCE0B300B96746 /* Release */ = {
			isa = XCBuildConfiguration;
			buildSettings = {
				ASSETCATALOG_COMPILER_APPICON_NAME = AppIcon;
				ASSETCATALOG_COMPILER_GLOBAL_ACCENT_COLOR_NAME = AccentColor;
				CODE_SIGN_STYLE = Automatic;
				DEVELOPMENT_TEAM = 3767ZWFMQQ;
				INFOPLIST_FILE = PickerView/Info.plist;
				IPHONEOS_DEPLOYMENT_TARGET = 14.3;
				LD_RUNPATH_SEARCH_PATHS = (
					"$(inherited)",
					"@executable_path/Frameworks",
				);
				PRODUCT_BUNDLE_IDENTIFIER = com.swiftlec.PickerView;
				PRODUCT_NAME = "$(TARGET_NAME)";
				SWIFT_VERSION = 5.0;
				TARGETED_DEVICE_FAMILY = 1;
			};
			name = Release;
		};
/* End XCBuildConfiguration section */

/* Begin XCConfigurationList section */
		2844892625CCE0AD00B96746 /* Build configuration list for PBXProject "PickerView" */ = {
			isa = XCConfigurationList;
			buildConfigurations = (
				2844893D25CCE0B300B96746 /* Debug */,
				2844893E25CCE0B300B96746 /* Release */,
			);
			defaultConfigurationIsVisible = 0;
			defaultConfigurationName = Release;
		};
		2844893F25CCE0B300B96746 /* Build configuration list for PBXNativeTarget "PickerView" */ = {
			isa = XCConfigurationList;
			buildConfigurations = (
				2844894025CCE0B300B96746 /* Debug */,
				2844894125CCE0B300B96746 /* Release */,
			);
			defaultConfigurationIsVisible = 0;
			defaultConfigurationName = Release;
		};
/* End XCConfigurationList section */
	};
	rootObject = 2844892325CCE0AD00B96746 /* Project object */;
}
